
Microsoft Visual Studio Solution File, Format Version 12.00
# Visual Studio 2012
Project("{FAE04EC0-301F-11D3-BF4B-00C04F79EFBC}") = "PalcoNet", "PalcoNet.csproj", "{5592804B-A900-40F6-830F-018BBBFEFAA1}"
EndProject
Project("{2150E333-8FDC-42A3-9474-1A3956D46DE8}") = "Domain", "Domain", "{A9DA64CF-2595-4162-A1E1-3ED2F5F248B0}"
EndProject
Project("{2150E333-8FDC-42A3-9474-1A3956D46DE8}") = "DesktopApps", "DesktopApps", "{3C7A1369-4122-468B-A779-5193B2A020C3}"
EndProject
Project("{2150E333-8FDC-42A3-9474-1A3956D46DE8}") = "Common", "Common", "{39415788-AEC8-4EC8-B693-7DA88CA568FA}"
EndProject
Project("{2150E333-8FDC-42A3-9474-1A3956D46DE8}") = "Test", "Test", "{BC7A0CB3-A868-40A9-A1D3-32C23D37E404}"
EndProject
Project("{FAE04EC0-301F-11D3-BF4B-00C04F79EFBC}") = "PalcoNet.UnitTest", "..\PalcoNet.UnitTest\PalcoNet.UnitTest.csproj", "{EAF85C61-55EF-4C3E-AF40-8539A50F9F73}"
EndProject
Project("{FAE04EC0-301F-11D3-BF4B-00C04F79EFBC}") = "PalcoNet.Dtos", "PalcoNet.Dtos\PalcoNet.Dtos.csproj", "{3337F078-8A4E-4065-9931-701B79DD5ACA}"
EndProject
Project("{FAE04EC0-301F-11D3-BF4B-00C04F79EFBC}") = "PalcoNet.Infraestructure", "PalcoNet.Infraestructure\PalcoNet.Infraestructure.csproj", "{8E2651D5-F5BD-4F4B-A86F-D74C684C6256}"
EndProject
Project("{FAE04EC0-301F-11D3-BF4B-00C04F79EFBC}") = "PalcoNet.Repositories", "PalcoNet.Repositories\PalcoNet.Repositories.csproj", "{0290B2D8-6061-4D56-A315-6B13F3F6847C}"
EndProject
Project("{FAE04EC0-301F-11D3-BF4B-00C04F79EFBC}") = "PalcoNet.Entities", "PalcoNet.Entities\PalcoNet.Entities.csproj", "{CA81EA90-4121-4587-9CC4-D094AAAE01E7}"
EndProject
Project("{FAE04EC0-301F-11D3-BF4B-00C04F79EFBC}") = "PalcoNet.Business", "PalcoNet.Business\PalcoNet.Business.csproj", "{2CB5F7A1-2FA3-4F33-8BE5-110B8552F168}"
EndProject
Global
	GlobalSection(SolutionConfigurationPlatforms) = preSolution
		Debug|Any CPU = Debug|Any CPU
		Release|Any CPU = Release|Any CPU
	EndGlobalSection
	GlobalSection(ProjectConfigurationPlatforms) = postSolution
		{5592804B-A900-40F6-830F-018BBBFEFAA1}.Debug|Any CPU.ActiveCfg = Debug|Any CPU
		{5592804B-A900-40F6-830F-018BBBFEFAA1}.Debug|Any CPU.Build.0 = Debug|Any CPU
		{5592804B-A900-40F6-830F-018BBBFEFAA1}.Release|Any CPU.ActiveCfg = Release|Any CPU
		{5592804B-A900-40F6-830F-018BBBFEFAA1}.Release|Any CPU.Build.0 = Release|Any CPU
		{EAF85C61-55EF-4C3E-AF40-8539A50F9F73}.Debug|Any CPU.ActiveCfg = Debug|Any CPU
		{EAF85C61-55EF-4C3E-AF40-8539A50F9F73}.Debug|Any CPU.Build.0 = Debug|Any CPU
		{EAF85C61-55EF-4C3E-AF40-8539A50F9F73}.Release|Any CPU.ActiveCfg = Release|Any CPU
		{EAF85C61-55EF-4C3E-AF40-8539A50F9F73}.Release|Any CPU.Build.0 = Release|Any CPU
		{3337F078-8A4E-4065-9931-701B79DD5ACA}.Debug|Any CPU.ActiveCfg = Debug|Any CPU
		{3337F078-8A4E-4065-9931-701B79DD5ACA}.Debug|Any CPU.Build.0 = Debug|Any CPU
		{3337F078-8A4E-4065-9931-701B79DD5ACA}.Release|Any CPU.ActiveCfg = Release|Any CPU
		{3337F078-8A4E-4065-9931-701B79DD5ACA}.Release|Any CPU.Build.0 = Release|Any CPU
		{8E2651D5-F5BD-4F4B-A86F-D74C684C6256}.Debug|Any CPU.ActiveCfg = Debug|Any CPU
		{8E2651D5-F5BD-4F4B-A86F-D74C684C6256}.Debug|Any CPU.Build.0 = Debug|Any CPU
		{8E2651D5-F5BD-4F4B-A86F-D74C684C6256}.Release|Any CPU.ActiveCfg = Release|Any CPU
		{8E2651D5-F5BD-4F4B-A86F-D74C684C6256}.Release|Any CPU.Build.0 = Release|Any CPU
		{0290B2D8-6061-4D56-A315-6B13F3F6847C}.Debug|Any CPU.ActiveCfg = Debug|Any CPU
		{0290B2D8-6061-4D56-A315-6B13F3F6847C}.Debug|Any CPU.Build.0 = Debug|Any CPU
		{0290B2D8-6061-4D56-A315-6B13F3F6847C}.Release|Any CPU.ActiveCfg = Release|Any CPU
		{0290B2D8-6061-4D56-A315-6B13F3F6847C}.Release|Any CPU.Build.0 = Release|Any CPU
		{CA81EA90-4121-4587-9CC4-D094AAAE01E7}.Debug|Any CPU.ActiveCfg = Debug|Any CPU
		{CA81EA90-4121-4587-9CC4-D094AAAE01E7}.Debug|Any CPU.Build.0 = Debug|Any CPU
		{CA81EA90-4121-4587-9CC4-D094AAAE01E7}.Release|Any CPU.ActiveCfg = Release|Any CPU
		{CA81EA90-4121-4587-9CC4-D094AAAE01E7}.Release|Any CPU.Build.0 = Release|Any CPU
		{2CB5F7A1-2FA3-4F33-8BE5-110B8552F168}.Debug|Any CPU.ActiveCfg = Debug|Any CPU
		{2CB5F7A1-2FA3-4F33-8BE5-110B8552F168}.Debug|Any CPU.Build.0 = Debug|Any CPU
		{2CB5F7A1-2FA3-4F33-8BE5-110B8552F168}.Release|Any CPU.ActiveCfg = Release|Any CPU
		{2CB5F7A1-2FA3-4F33-8BE5-110B8552F168}.Release|Any CPU.Build.0 = Release|Any CPU
	EndGlobalSection
	GlobalSection(SolutionProperties) = preSolution
		HideSolutionNode = FALSE
	EndGlobalSection
	GlobalSection(NestedProjects) = preSolution
		{0290B2D8-6061-4D56-A315-6B13F3F6847C} = {A9DA64CF-2595-4162-A1E1-3ED2F5F248B0}
		{CA81EA90-4121-4587-9CC4-D094AAAE01E7} = {A9DA64CF-2595-4162-A1E1-3ED2F5F248B0}
		{2CB5F7A1-2FA3-4F33-8BE5-110B8552F168} = {A9DA64CF-2595-4162-A1E1-3ED2F5F248B0}
		{5592804B-A900-40F6-830F-018BBBFEFAA1} = {3C7A1369-4122-468B-A779-5193B2A020C3}
		{3337F078-8A4E-4065-9931-701B79DD5ACA} = {39415788-AEC8-4EC8-B693-7DA88CA568FA}
		{8E2651D5-F5BD-4F4B-A86F-D74C684C6256} = {39415788-AEC8-4EC8-B693-7DA88CA568FA}
		{EAF85C61-55EF-4C3E-AF40-8539A50F9F73} = {BC7A0CB3-A868-40A9-A1D3-32C23D37E404}
	EndGlobalSection
EndGlobal
